// !$*UTF8*$!
{
	archiveVersion = 1;
	classes = {
	};
	objectVersion = 46;
	objects = {

/* Begin PBXBuildFile section */
		1BE1BEA71D7B1A8900A8F73B /* AppDelegate.swift in Sources */ = {isa = PBXBuildFile; fileRef = 1BE1BEA61D7B1A8900A8F73B /* AppDelegate.swift */; };
		1BE1BEA91D7B1A8900A8F73B /* ViewController.swift in Sources */ = {isa = PBXBuildFile; fileRef = 1BE1BEA81D7B1A8900A8F73B /* ViewController.swift */; };
		1BE1BEAC1D7B1A8900A8F73B /* Main.storyboard in Resources */ = {isa = PBXBuildFile; fileRef = 1BE1BEAA1D7B1A8900A8F73B /* Main.storyboard */; };
		1BE1BEAE1D7B1A8900A8F73B /* Assets.xcassets in Resources */ = {isa = PBXBuildFile; fileRef = 1BE1BEAD1D7B1A8900A8F73B /* Assets.xcassets */; };
		1BE1BEB11D7B1A8900A8F73B /* LaunchScreen.storyboard in Resources */ = {isa = PBXBuildFile; fileRef = 1BE1BEAF1D7B1A8900A8F73B /* LaunchScreen.storyboard */; };
		1BE1BEC41D7BBD3D00A8F73B /* HomeKit.framework in Frameworks */ = {isa = PBXBuildFile; fileRef = 1BE1BEC31D7BBD3D00A8F73B /* HomeKit.framework */; };
/* End PBXBuildFile section */

/* Begin PBXFileReference section */
		1BE1BEA31D7B1A8900A8F73B /* hackathon.app */ = {isa = PBXFileReference; explicitFileType = wrapper.application; includeInIndex = 0; path = hackathon.app; sourceTree = BUILT_PRODUCTS_DIR; };
		1BE1BEA61D7B1A8900A8F73B /* AppDelegate.swift */ = {isa = PBXFileReference; lastKnownFileType = sourcecode.swift; path = AppDelegate.swift; sourceTree = "<group>"; };
		1BE1BEA81D7B1A8900A8F73B /* ViewController.swift */ = {isa = PBXFileReference; lastKnownFileType = sourcecode.swift; path = ViewController.swift; sourceTree = "<group>"; };
		1BE1BEAB1D7B1A8900A8F73B /* Base */ = {isa = PBXFileReference; lastKnownFileType = file.storyboard; name = Base; path = Base.lproj/Main.storyboard; sourceTree = "<group>"; };
		1BE1BEAD1D7B1A8900A8F73B /* Assets.xcassets */ = {isa = PBXFileReference; lastKnownFileType = folder.assetcatalog; path = Assets.xcassets; sourceTree = "<group>"; };
		1BE1BEB01D7B1A8900A8F73B /* Base */ = {isa = PBXFileReference; lastKnownFileType = file.storyboard; name = Base; path = Base.lproj/LaunchScreen.storyboard; sourceTree = "<group>"; };
		1BE1BEB21D7B1A8900A8F73B /* Info.plist */ = {isa = PBXFileReference; lastKnownFileType = text.plist.xml; path = Info.plist; sourceTree = "<group>"; };
		1BE1BEBA1D7B2D4A00A8F73B /* hackathon.entitlements */ = {isa = PBXFileReference; lastKnownFileType = text.xml; path = hackathon.entitlements; sourceTree = "<group>"; };
		1BE1BEC31D7BBD3D00A8F73B /* HomeKit.framework */ = {isa = PBXFileReference; lastKnownFileType = wrapper.framework; name = HomeKit.framework; path = System/Library/Frameworks/HomeKit.framework; sourceTree = SDKROOT; };
/* End PBXFileReference section */

/* Begin PBXFrameworksBuildPhase section */
		1BE1BEA01D7B1A8900A8F73B /* Frameworks */ = {
			isa = PBXFrameworksBuildPhase;
			buildActionMask = 2147483647;
			files = (
				1BE1BEC41D7BBD3D00A8F73B /* HomeKit.framework in Frameworks */,
			);
			runOnlyForDeploymentPostprocessing = 0;
		};
/* End PBXFrameworksBuildPhase section */

/* Begin PBXGroup section */
		1BE1BE9A1D7B1A8900A8F73B = {
			isa = PBXGroup;
			children = (
				1BE1BEC31D7BBD3D00A8F73B /* HomeKit.framework */,
				1BE1BEA51D7B1A8900A8F73B /* hackathon */,
				1BE1BEA41D7B1A8900A8F73B /* Products */,
			);
			sourceTree = "<group>";
		};
		1BE1BEA41D7B1A8900A8F73B /* Products */ = {
			isa = PBXGroup;
			children = (
				1BE1BEA31D7B1A8900A8F73B /* hackathon.app */,
			);
			name = Products;
			sourceTree = "<group>";
		};
		1BE1BEA51D7B1A8900A8F73B /* hackathon */ = {
			isa = PBXGroup;
			children = (
				1BE1BEBA1D7B2D4A00A8F73B /* hackathon.entitlements */,
				1BE1BEA61D7B1A8900A8F73B /* AppDelegate.swift */,
				1BE1BEA81D7B1A8900A8F73B /* ViewController.swift */,
				1BE1BEAA1D7B1A8900A8F73B /* Main.storyboard */,
				1BE1BEAD1D7B1A8900A8F73B /* Assets.xcassets */,
				1BE1BEAF1D7B1A8900A8F73B /* LaunchScreen.storyboard */,
				1BE1BEB21D7B1A8900A8F73B /* Info.plist */,
			);
			path = hackathon;
			sourceTree = "<group>";
		};
/* End PBXGroup section */

/* Begin PBXNativeTarget section */
		1BE1BEA21D7B1A8900A8F73B /* hackathon */ = {
			isa = PBXNativeTarget;
			buildConfigurationList = 1BE1BEB51D7B1A8900A8F73B /* Build configuration list for PBXNativeTarget "hackathon" */;
			buildPhases = (
				1BE1BE9F1D7B1A8900A8F73B /* Sources */,
				1BE1BEA01D7B1A8900A8F73B /* Frameworks */,
				1BE1BEA11D7B1A8900A8F73B /* Resources */,
			);
			buildRules = (
			);
			dependencies = (
			);
			name = hackathon;
			productName = hackathon;
			productReference = 1BE1BEA31D7B1A8900A8F73B /* hackathon.app */;
			productType = "com.apple.product-type.application";
		};
/* End PBXNativeTarget section */

/* Begin PBXProject section */
		1BE1BE9B1D7B1A8900A8F73B /* Project object */ = {
			isa = PBXProject;
			attributes = {
				LastSwiftUpdateCheck = 0730;
				LastUpgradeCheck = 0730;
				ORGANIZATIONNAME = "Flatiron School";
				TargetAttributes = {
					1BE1BEA21D7B1A8900A8F73B = {
						CreatedOnToolsVersion = 7.3.1;
						DevelopmentTeam = JZ89B42673;
						SystemCapabilities = {
							com.apple.HomeKit = {
								enabled = 1;
							};
							com.apple.WAC = {
								enabled = 0;
							};
						};
					};
				};
			};
			buildConfigurationList = 1BE1BE9E1D7B1A8900A8F73B /* Build configuration list for PBXProject "hackathon" */;
			compatibilityVersion = "Xcode 3.2";
			developmentRegion = English;
			hasScannedForEncodings = 0;
			knownRegions = (
				en,
				Base,
			);
			mainGroup = 1BE1BE9A1D7B1A8900A8F73B;
			productRefGroup = 1BE1BEA41D7B1A8900A8F73B /* Products */;
			projectDirPath = "";
			projectRoot = "";
			targets = (
				1BE1BEA21D7B1A8900A8F73B /* hackathon */,
			);
		};
/* End PBXProject section */

/* Begin PBXResourcesBuildPhase section */
		1BE1BEA11D7B1A8900A8F73B /* Resources */ = {
			isa = PBXResourcesBuildPhase;
			buildActionMask = 2147483647;
			files = (
				1BE1BEB11D7B1A8900A8F73B /* LaunchScreen.storyboard in Resources */,
				1BE1BEAE1D7B1A8900A8F73B /* Assets.xcassets in Resources */,
				1BE1BEAC1D7B1A8900A8F73B /* Main.storyboard in Resources */,
			);
			runOnlyForDeploymentPostprocessing = 0;
		};
/* End PBXResourcesBuildPhase section */

/* Begin PBXSourcesBuildPhase section */
		1BE1BE9F1D7B1A8900A8F73B /* Sources */ = {
			isa = PBXSourcesBuildPhase;
			buildActionMask = 2147483647;
			files = (
				1BE1BEA91D7B1A8900A8F73B /* ViewController.swift in Sources */,
				1BE1BEA71D7B1A8900A8F73B /* AppDelegate.swift in Sources */,
			);
			runOnlyForDeploymentPostprocessing = 0;
		};
/* End PBXSourcesBuildPhase section */

/* Begin PBXVariantGroup section */
		1BE1BEAA1D7B1A8900A8F73B /* Main.storyboard */ = {
			isa = PBXVariantGroup;
			children = (
				1BE1BEAB1D7B1A8900A8F73B /* Base */,
			);
			name = Main.storyboard;
			sourceTree = "<group>";
		};
		1BE1BEAF1D7B1A8900A8F73B /* LaunchScreen.storyboard */ = {
			isa = PBXVariantGroup;
			children = (
				1BE1BEB01D7B1A8900A8F73B /* Base */,
			);
			name = LaunchScreen.storyboard;
			sourceTree = "<group>";
		};
/* End PBXVariantGroup section */

/* Begin XCBuildConfiguration section */
		1BE1BEB31D7B1A8900A8F73B /* Debug */ = {
			isa = XCBuildConfiguration;
			buildSettings = {
				ALWAYS_SEARCH_USER_PATHS = NO;
				CLANG_ANALYZER_NONNULL = YES;
				CLANG_CXX_LANGUAGE_STANDARD = "gnu++0x";
				CLANG_CXX_LIBRARY = "libc++";
				CLANG_ENABLE_MODULES = YES;
				CLANG_ENABLE_OBJC_ARC = YES;
				CLANG_WARN_BOOL_CONVERSION = YES;
				CLANG_WARN_CONSTANT_CONVERSION = YES;
				CLANG_WARN_DIRECT_OBJC_ISA_USAGE = YES_ERROR;
				CLANG_WARN_EMPTY_BODY = YES;
				CLANG_WARN_ENUM_CONVERSION = YES;
				CLANG_WARN_INT_CONVERSION = YES;
				CLANG_WARN_OBJC_ROOT_CLASS = YES_ERROR;
				CLANG_WARN_UNREACHABLE_CODE = YES;
				CLANG_WARN__DUPLICATE_METHOD_MATCH = YES;
				"CODE_SIGN_IDENTITY[sdk=iphoneos*]" = "iPhone Developer";
				COPY_PHASE_STRIP = NO;
				DEBUG_INFORMATION_FORMAT = dwarf;
				ENABLE_STRICT_OBJC_MSGSEND = YES;
				ENABLE_TESTABILITY = YES;
				GCC_C_LANGUAGE_STANDARD = gnu99;
				GCC_DYNAMIC_NO_PIC = NO;
				GCC_NO_COMMON_BLOCKS = YES;
				GCC_OPTIMIZATION_LEVEL = 0;
				GCC_PREPROCESSOR_DEFINITIONS = (
					"DEBUG=1",
					"$(inherited)",
				);
				GCC_WARN_64_TO_32_BIT_CONVERSION = YES;
				GCC_WARN_ABOUT_RETURN_TYPE = YES_ERROR;
				GCC_WARN_UNDECLARED_SELECTOR = YES;
				GCC_WARN_UNINITIALIZED_AUTOS = YES_AGGRESSIVE;
				GCC_WARN_UNUSED_FUNCTION = YES;
				GCC_WARN_UNUSED_VARIABLE = YES;
				IPHONEOS_DEPLOYMENT_TARGET = 9.3;
				MTL_ENABLE_DEBUG_INFO = YES;
				ONLY_ACTIVE_ARCH = YES;
				SDKROOT = iphoneos;
				SWIFT_OPTIMIZATION_LEVEL = "-Onone";
				TARGETED_DEVICE_FAMILY = "1,2";
			};
			name = Debug;
		};
		1BE1BEB41D7B1A8900A8F73B /* Release */ = {
			isa = XCBuildConfiguration;
			buildSettings = {
				ALWAYS_SEARCH_USER_PATHS = NO;
				CLANG_ANALYZER_NONNULL = YES;
				CLANG_CXX_LANGUAGE_STANDARD = "gnu++0x";
				CLANG_CXX_LIBRARY = "libc++";
				CLANG_ENABLE_MODULES = YES;
				CLANG_ENABLE_OBJC_ARC = YES;
				CLANG_WARN_BOOL_CONVERSION = YES;
				CLANG_WARN_CONSTANT_CONVERSION = YES;
				CLANG_WARN_DIRECT_OBJC_ISA_USAGE = YES_ERROR;
				CLANG_WARN_EMPTY_BODY = YES;
				CLANG_WARN_ENUM_CONVERSION = YES;
				CLANG_WARN_INT_CONVERSION = YES;
				CLANG_WARN_OBJC_ROOT_CLASS = YES_ERROR;
				CLANG_WARN_UNREACHABLE_CODE = YES;
				CLANG_WARN__DUPLICATE_METHOD_MATCH = YES;
				"CODE_SIGN_IDENTITY[sdk=iphoneos*]" = "iPhone Developer";
				COPY_PHASE_STRIP = NO;
				DEBUG_INFORMATION_FORMAT = "dwarf-with-dsym";
				ENABLE_NS_ASSERTIONS = NO;
				ENABLE_STRICT_OBJC_MSGSEND = YES;
				GCC_C_LANGUAGE_STANDARD = gnu99;
				GCC_NO_COMMON_BLOCKS = YES;
				GCC_WARN_64_TO_32_BIT_CONVERSION = YES;
				GCC_WARN_ABOUT_RETURN_TYPE = YES_ERROR;
				GCC_WARN_UNDECLARED_SELECTOR = YES;
				GCC_WARN_UNINITIALIZED_AUTOS = YES_AGGRESSIVE;
				GCC_WARN_UNUSED_FUNCTION = YES;
				GCC_WARN_UNUSED_VARIABLE = YES;
				IPHONEOS_DEPLOYMENT_TARGET = 9.3;
				MTL_ENABLE_DEBUG_INFO = NO;
				SDKROOT = iphoneos;
				TARGETED_DEVICE_FAMILY = "1,2";
				VALIDATE_PRODUCT = YES;
			};
			name = Release;
		};
		1BE1BEB61D7B1A8900A8F73B /* Debug */ = {
			isa = XCBuildConfiguration;
			buildSettings = {
				ASSETCATALOG_COMPILER_APPICON_NAME = AppIcon;
				CODE_SIGN_ENTITLEMENTS = hackathon/hackathon.entitlements;
				CODE_SIGN_IDENTITY = "iPhone Developer";
				INFOPLIST_FILE = hackathon/Info.plist;
				LD_RUNPATH_SEARCH_PATHS = "$(inherited) @executable_path/Frameworks";
				PRODUCT_BUNDLE_IDENTIFIER = com.flatironschool.hackathon;
				PRODUCT_NAME = "$(TARGET_NAME)";
			};
			name = Debug;
		};
		1BE1BEB71D7B1A8900A8F73B /* Release */ = {
			isa = XCBuildConfiguration;
			buildSettings = {
				ASSETCATALOG_COMPILER_APPICON_NAME = AppIcon;
				CODE_SIGN_ENTITLEMENTS = hackathon/hackathon.entitlements;
				CODE_SIGN_IDENTITY = "iPhone Developer";
				INFOPLIST_FILE = hackathon/Info.plist;
				LD_RUNPATH_SEARCH_PATHS = "$(inherited) @executable_path/Frameworks";
				PRODUCT_BUNDLE_IDENTIFIER = com.flatironschool.hackathon;
				PRODUCT_NAME = "$(TARGET_NAME)";
			};
			name = Release;
		};
/* End XCBuildConfiguration section */

/* Begin XCConfigurationList section */
		1BE1BE9E1D7B1A8900A8F73B /* Build configuration list for PBXProject "hackathon" */ = {
			isa = XCConfigurationList;
			buildConfigurations = (
				1BE1BEB31D7B1A8900A8F73B /* Debug */,
				1BE1BEB41D7B1A8900A8F73B /* Release */,
			);
			defaultConfigurationIsVisible = 0;
			defaultConfigurationName = Release;
		};
		1BE1BEB51D7B1A8900A8F73B /* Build configuration list for PBXNativeTarget "hackathon" */ = {
			isa = XCConfigurationList;
			buildConfigurations = (
				1BE1BEB61D7B1A8900A8F73B /* Debug */,
				1BE1BEB71D7B1A8900A8F73B /* Release */,
			);
			defaultConfigurationIsVisible = 0;
		};
/* End XCConfigurationList section */
	};
	rootObject = 1BE1BE9B1D7B1A8900A8F73B /* Project object */;
}
